
Microsoft Visual Studio Solution File, Format Version 12.00
# Visual Studio Version 17
VisualStudioVersion = 17.12.35527.113 d17.12
MinimumVisualStudioVersion = 10.0.40219.1
Project("{FAE04EC0-301F-11D3-BF4B-00C04F79EFBC}") = "HorecaPlsnnerDL", "HorecaPlsnnerDL\HorecaPlsnnerDL.csproj", "{1321CE4F-06B0-48A5-AFEF-1E1286FB50D3}"
EndProject
Project("{FAE04EC0-301F-11D3-BF4B-00C04F79EFBC}") = "HorecaPlannerBL", "HorecaPlannerBL\HorecaPlannerBL.csproj", "{465D9E36-160C-4A06-9C87-052A6D65A4E0}"
EndProject
Project("{FAE04EC0-301F-11D3-BF4B-00C04F79EFBC}") = "HorecaPlannerUI", "HorecaPlannerUI\HorecaPlannerUI.csproj", "{D7E37658-10B4-41C6-A089-1FAC5FFFC8BA}"
EndProject
Project("{FAE04EC0-301F-11D3-BF4B-00C04F79EFBC}") = "PlanningBeheerder", "PlanningBeheerder\PlanningBeheerder.csproj", "{C33AD407-DAEE-4472-B01E-A23B8ED3DDDB}"
EndProject
Global
	GlobalSection(SolutionConfigurationPlatforms) = preSolution
		Debug|Any CPU = Debug|Any CPU
		Release|Any CPU = Release|Any CPU
	EndGlobalSection
	GlobalSection(ProjectConfigurationPlatforms) = postSolution
		{1321CE4F-06B0-48A5-AFEF-1E1286FB50D3}.Debug|Any CPU.ActiveCfg = Debug|Any CPU
		{1321CE4F-06B0-48A5-AFEF-1E1286FB50D3}.Debug|Any CPU.Build.0 = Debug|Any CPU
		{1321CE4F-06B0-48A5-AFEF-1E1286FB50D3}.Release|Any CPU.ActiveCfg = Release|Any CPU
		{1321CE4F-06B0-48A5-AFEF-1E1286FB50D3}.Release|Any CPU.Build.0 = Release|Any CPU
		{465D9E36-160C-4A06-9C87-052A6D65A4E0}.Debug|Any CPU.ActiveCfg = Debug|Any CPU
		{465D9E36-160C-4A06-9C87-052A6D65A4E0}.Debug|Any CPU.Build.0 = Debug|Any CPU
		{465D9E36-160C-4A06-9C87-052A6D65A4E0}.Release|Any CPU.ActiveCfg = Release|Any CPU
		{465D9E36-160C-4A06-9C87-052A6D65A4E0}.Release|Any CPU.Build.0 = Release|Any CPU
		{D7E37658-10B4-41C6-A089-1FAC5FFFC8BA}.Debug|Any CPU.ActiveCfg = Debug|Any CPU
		{D7E37658-10B4-41C6-A089-1FAC5FFFC8BA}.Debug|Any CPU.Build.0 = Debug|Any CPU
		{D7E37658-10B4-41C6-A089-1FAC5FFFC8BA}.Release|Any CPU.ActiveCfg = Release|Any CPU
		{D7E37658-10B4-41C6-A089-1FAC5FFFC8BA}.Release|Any CPU.Build.0 = Release|Any CPU
		{C33AD407-DAEE-4472-B01E-A23B8ED3DDDB}.Debug|Any CPU.ActiveCfg = Debug|Any CPU
		{C33AD407-DAEE-4472-B01E-A23B8ED3DDDB}.Debug|Any CPU.Build.0 = Debug|Any CPU
		{C33AD407-DAEE-4472-B01E-A23B8ED3DDDB}.Release|Any CPU.ActiveCfg = Release|Any CPU
		{C33AD407-DAEE-4472-B01E-A23B8ED3DDDB}.Release|Any CPU.Build.0 = Release|Any CPU
	EndGlobalSection
	GlobalSection(SolutionProperties) = preSolution
		HideSolutionNode = FALSE
	EndGlobalSection
EndGlobal
